
Microsoft Visual Studio Solution File, Format Version 12.00
# Visual Studio Version 17
VisualStudioVersion = 17.7.34221.43
MinimumVisualStudioVersion = 10.0.40219.1
Project("{FAE04EC0-301F-11D3-BF4B-00C04F79EFBC}") = "04_constants_lesson", "04_constants_lesson\04_constants_lesson.csproj", "{31403435-D531-4F04-81AE-1A0B7E07AD0F}"
EndProject
Global
	GlobalSection(SolutionConfigurationPlatforms) = preSolution
		Debug|Any CPU = Debug|Any CPU
		Release|Any CPU = Release|Any CPU
	EndGlobalSection
	GlobalSection(ProjectConfigurationPlatforms) = postSolution
		{31403435-D531-4F04-81AE-1A0B7E07AD0F}.Debug|Any CPU.ActiveCfg = Debug|Any CPU
		{31403435-D531-4F04-81AE-1A0B7E07AD0F}.Debug|Any CPU.Build.0 = Debug|Any CPU
		{31403435-D531-4F04-81AE-1A0B7E07AD0F}.Release|Any CPU.ActiveCfg = Release|Any CPU
		{31403435-D531-4F04-81AE-1A0B7E07AD0F}.Release|Any CPU.Build.0 = Release|Any CPU
	EndGlobalSection
	GlobalSection(SolutionProperties) = preSolution
		HideSolutionNode = FALSE
	EndGlobalSection
	GlobalSection(ExtensibilityGlobals) = postSolution
		SolutionGuid = {56B7FA97-D9A0-4043-90CF-EBBB9B76726D}
	EndGlobalSection
EndGlobal
